// !$*UTF8*$!
{
	archiveVersion = 1;
	classes = {
	};
	objectVersion = 46;
	objects = {

/* Begin PBXBuildFile section */
		F4660EDE1EB44F4700A16315 /* AppDelegate.swift in Sources */ = {isa = PBXBuildFile; fileRef = F4660EDD1EB44F4700A16315 /* AppDelegate.swift */; };
		F4660EE01EB44F4700A16315 /* ViewController.swift in Sources */ = {isa = PBXBuildFile; fileRef = F4660EDF1EB44F4700A16315 /* ViewController.swift */; };
		F4660EE31EB44F4700A16315 /* Main.storyboard in Resources */ = {isa = PBXBuildFile; fileRef = F4660EE11EB44F4700A16315 /* Main.storyboard */; };
		F4660EE51EB44F4700A16315 /* Assets.xcassets in Resources */ = {isa = PBXBuildFile; fileRef = F4660EE41EB44F4700A16315 /* Assets.xcassets */; };
		F4660EE81EB44F4700A16315 /* LaunchScreen.storyboard in Resources */ = {isa = PBXBuildFile; fileRef = F4660EE61EB44F4700A16315 /* LaunchScreen.storyboard */; };
		F4660EF31EB44F4700A16315 /* FirstKadaiAppTests.swift in Sources */ = {isa = PBXBuildFile; fileRef = F4660EF21EB44F4700A16315 /* FirstKadaiAppTests.swift */; };
		F4660EFE1EB44F4700A16315 /* FirstKadaiAppUITests.swift in Sources */ = {isa = PBXBuildFile; fileRef = F4660EFD1EB44F4700A16315 /* FirstKadaiAppUITests.swift */; };
/* End PBXBuildFile section */

/* Begin PBXContainerItemProxy section */
		F4660EEF1EB44F4700A16315 /* PBXContainerItemProxy */ = {
			isa = PBXContainerItemProxy;
			containerPortal = F4660ED21EB44F4600A16315 /* Project object */;
			proxyType = 1;
			remoteGlobalIDString = F4660ED91EB44F4700A16315;
			remoteInfo = FirstKadaiApp;
		};
		F4660EFA1EB44F4700A16315 /* PBXContainerItemProxy */ = {
			isa = PBXContainerItemProxy;
			containerPortal = F4660ED21EB44F4600A16315 /* Project object */;
			proxyType = 1;
			remoteGlobalIDString = F4660ED91EB44F4700A16315;
			remoteInfo = FirstKadaiApp;
		};
/* End PBXContainerItemProxy section */

/* Begin PBXFileReference section */
		F4660EDA1EB44F4700A16315 /* FirstKadaiApp.app */ = {isa = PBXFileReference; explicitFileType = wrapper.application; includeInIndex = 0; path = FirstKadaiApp.app; sourceTree = BUILT_PRODUCTS_DIR; };
		F4660EDD1EB44F4700A16315 /* AppDelegate.swift */ = {isa = PBXFileReference; lastKnownFileType = sourcecode.swift; path = AppDelegate.swift; sourceTree = "<group>"; };
		F4660EDF1EB44F4700A16315 /* ViewController.swift */ = {isa = PBXFileReference; lastKnownFileType = sourcecode.swift; path = ViewController.swift; sourceTree = "<group>"; };
		F4660EE21EB44F4700A16315 /* Base */ = {isa = PBXFileReference; lastKnownFileType = file.storyboard; name = Base; path = Base.lproj/Main.storyboard; sourceTree = "<group>"; };
		F4660EE41EB44F4700A16315 /* Assets.xcassets */ = {isa = PBXFileReference; lastKnownFileType = folder.assetcatalog; path = Assets.xcassets; sourceTree = "<group>"; };
		F4660EE71EB44F4700A16315 /* Base */ = {isa = PBXFileReference; lastKnownFileType = file.storyboard; name = Base; path = Base.lproj/LaunchScreen.storyboard; sourceTree = "<group>"; };
		F4660EE91EB44F4700A16315 /* Info.plist */ = {isa = PBXFileReference; lastKnownFileType = text.plist.xml; path = Info.plist; sourceTree = "<group>"; };
		F4660EEE1EB44F4700A16315 /* FirstKadaiAppTests.xctest */ = {isa = PBXFileReference; explicitFileType = wrapper.cfbundle; includeInIndex = 0; path = FirstKadaiAppTests.xctest; sourceTree = BUILT_PRODUCTS_DIR; };
		F4660EF21EB44F4700A16315 /* FirstKadaiAppTests.swift */ = {isa = PBXFileReference; lastKnownFileType = sourcecode.swift; path = FirstKadaiAppTests.swift; sourceTree = "<group>"; };
		F4660EF41EB44F4700A16315 /* Info.plist */ = {isa = PBXFileReference; lastKnownFileType = text.plist.xml; path = Info.plist; sourceTree = "<group>"; };
		F4660EF91EB44F4700A16315 /* FirstKadaiAppUITests.xctest */ = {isa = PBXFileReference; explicitFileType = wrapper.cfbundle; includeInIndex = 0; path = FirstKadaiAppUITests.xctest; sourceTree = BUILT_PRODUCTS_DIR; };
		F4660EFD1EB44F4700A16315 /* FirstKadaiAppUITests.swift */ = {isa = PBXFileReference; lastKnownFileType = sourcecode.swift; path = FirstKadaiAppUITests.swift; sourceTree = "<group>"; };
		F4660EFF1EB44F4700A16315 /* Info.plist */ = {isa = PBXFileReference; lastKnownFileType = text.plist.xml; path = Info.plist; sourceTree = "<group>"; };
/* End PBXFileReference section */

/* Begin PBXFrameworksBuildPhase section */
		F4660ED71EB44F4700A16315 /* Frameworks */ = {
			isa = PBXFrameworksBuildPhase;
			buildActionMask = 2147483647;
			files = (
			);
			runOnlyForDeploymentPostprocessing = 0;
		};
		F4660EEB1EB44F4700A16315 /* Frameworks */ = {
			isa = PBXFrameworksBuildPhase;
			buildActionMask = 2147483647;
			files = (
			);
			runOnlyForDeploymentPostprocessing = 0;
		};
		F4660EF61EB44F4700A16315 /* Frameworks */ = {
			isa = PBXFrameworksBuildPhase;
			buildActionMask = 2147483647;
			files = (
			);
			runOnlyForDeploymentPostprocessing = 0;
		};
/* End PBXFrameworksBuildPhase section */

/* Begin PBXGroup section */
		F4660ED11EB44F4600A16315 = {
			isa = PBXGroup;
			children = (
				F4660EDC1EB44F4700A16315 /* FirstKadaiApp */,
				F4660EF11EB44F4700A16315 /* FirstKadaiAppTests */,
				F4660EFC1EB44F4700A16315 /* FirstKadaiAppUITests */,
				F4660EDB1EB44F4700A16315 /* Products */,
			);
			sourceTree = "<group>";
		};
		F4660EDB1EB44F4700A16315 /* Products */ = {
			isa = PBXGroup;
			children = (
				F4660EDA1EB44F4700A16315 /* FirstKadaiApp.app */,
				F4660EEE1EB44F4700A16315 /* FirstKadaiAppTests.xctest */,
				F4660EF91EB44F4700A16315 /* FirstKadaiAppUITests.xctest */,
			);
			name = Products;
			sourceTree = "<group>";
		};
		F4660EDC1EB44F4700A16315 /* FirstKadaiApp */ = {
			isa = PBXGroup;
			children = (
				F4660EDD1EB44F4700A16315 /* AppDelegate.swift */,
				F4660EDF1EB44F4700A16315 /* ViewController.swift */,
				F4660EE11EB44F4700A16315 /* Main.storyboard */,
				F4660EE41EB44F4700A16315 /* Assets.xcassets */,
				F4660EE61EB44F4700A16315 /* LaunchScreen.storyboard */,
				F4660EE91EB44F4700A16315 /* Info.plist */,
			);
			path = FirstKadaiApp;
			sourceTree = "<group>";
		};
		F4660EF11EB44F4700A16315 /* FirstKadaiAppTests */ = {
			isa = PBXGroup;
			children = (
				F4660EF21EB44F4700A16315 /* FirstKadaiAppTests.swift */,
				F4660EF41EB44F4700A16315 /* Info.plist */,
			);
			path = FirstKadaiAppTests;
			sourceTree = "<group>";
		};
		F4660EFC1EB44F4700A16315 /* FirstKadaiAppUITests */ = {
			isa = PBXGroup;
			children = (
				F4660EFD1EB44F4700A16315 /* FirstKadaiAppUITests.swift */,
				F4660EFF1EB44F4700A16315 /* Info.plist */,
			);
			path = FirstKadaiAppUITests;
			sourceTree = "<group>";
		};
/* End PBXGroup section */

/* Begin PBXNativeTarget section */
		F4660ED91EB44F4700A16315 /* FirstKadaiApp */ = {
			isa = PBXNativeTarget;
			buildConfigurationList = F4660F021EB44F4700A16315 /* Build configuration list for PBXNativeTarget "FirstKadaiApp" */;
			buildPhases = (
				F4660ED61EB44F4700A16315 /* Sources */,
				F4660ED71EB44F4700A16315 /* Frameworks */,
				F4660ED81EB44F4700A16315 /* Resources */,
			);
			buildRules = (
			);
			dependencies = (
			);
			name = FirstKadaiApp;
			productName = FirstKadaiApp;
			productReference = F4660EDA1EB44F4700A16315 /* FirstKadaiApp.app */;
			productType = "com.apple.product-type.application";
		};
		F4660EED1EB44F4700A16315 /* FirstKadaiAppTests */ = {
			isa = PBXNativeTarget;
			buildConfigurationList = F4660F051EB44F4700A16315 /* Build configuration list for PBXNativeTarget "FirstKadaiAppTests" */;
			buildPhases = (
				F4660EEA1EB44F4700A16315 /* Sources */,
				F4660EEB1EB44F4700A16315 /* Frameworks */,
				F4660EEC1EB44F4700A16315 /* Resources */,
			);
			buildRules = (
			);
			dependencies = (
				F4660EF01EB44F4700A16315 /* PBXTargetDependency */,
			);
			name = FirstKadaiAppTests;
			productName = FirstKadaiAppTests;
			productReference = F4660EEE1EB44F4700A16315 /* FirstKadaiAppTests.xctest */;
			productType = "com.apple.product-type.bundle.unit-test";
		};
		F4660EF81EB44F4700A16315 /* FirstKadaiAppUITests */ = {
			isa = PBXNativeTarget;
			buildConfigurationList = F4660F081EB44F4700A16315 /* Build configuration list for PBXNativeTarget "FirstKadaiAppUITests" */;
			buildPhases = (
				F4660EF51EB44F4700A16315 /* Sources */,
				F4660EF61EB44F4700A16315 /* Frameworks */,
				F4660EF71EB44F4700A16315 /* Resources */,
			);
			buildRules = (
			);
			dependencies = (
				F4660EFB1EB44F4700A16315 /* PBXTargetDependency */,
			);
			name = FirstKadaiAppUITests;
			productName = FirstKadaiAppUITests;
			productReference = F4660EF91EB44F4700A16315 /* FirstKadaiAppUITests.xctest */;
			productType = "com.apple.product-type.bundle.ui-testing";
		};
/* End PBXNativeTarget section */

/* Begin PBXProject section */
		F4660ED21EB44F4600A16315 /* Project object */ = {
			isa = PBXProject;
			attributes = {
				LastSwiftUpdateCheck = 0830;
				LastUpgradeCheck = 0830;
				ORGANIZATIONNAME = test;
				TargetAttributes = {
					F4660ED91EB44F4700A16315 = {
						CreatedOnToolsVersion = 8.3.2;
						ProvisioningStyle = Automatic;
					};
					F4660EED1EB44F4700A16315 = {
						CreatedOnToolsVersion = 8.3.2;
						ProvisioningStyle = Automatic;
						TestTargetID = F4660ED91EB44F4700A16315;
					};
					F4660EF81EB44F4700A16315 = {
						CreatedOnToolsVersion = 8.3.2;
						ProvisioningStyle = Automatic;
						TestTargetID = F4660ED91EB44F4700A16315;
					};
				};
			};
			buildConfigurationList = F4660ED51EB44F4600A16315 /* Build configuration list for PBXProject "FirstKadaiApp" */;
			compatibilityVersion = "Xcode 3.2";
			developmentRegion = English;
			hasScannedForEncodings = 0;
			knownRegions = (
				en,
				Base,
			);
			mainGroup = F4660ED11EB44F4600A16315;
			productRefGroup = F4660EDB1EB44F4700A16315 /* Products */;
			projectDirPath = "";
			projectRoot = "";
			targets = (
				F4660ED91EB44F4700A16315 /* FirstKadaiApp */,
				F4660EED1EB44F4700A16315 /* FirstKadaiAppTests */,
				F4660EF81EB44F4700A16315 /* FirstKadaiAppUITests */,
			);
		};
/* End PBXProject section */

/* Begin PBXResourcesBuildPhase section */
		F4660ED81EB44F4700A16315 /* Resources */ = {
			isa = PBXResourcesBuildPhase;
			buildActionMask = 2147483647;
			files = (
				F4660EE81EB44F4700A16315 /* LaunchScreen.storyboard in Resources */,
				F4660EE51EB44F4700A16315 /* Assets.xcassets in Resources */,
				F4660EE31EB44F4700A16315 /* Main.storyboard in Resources */,
			);
			runOnlyForDeploymentPostprocessing = 0;
		};
		F4660EEC1EB44F4700A16315 /* Resources */ = {
			isa = PBXResourcesBuildPhase;
			buildActionMask = 2147483647;
			files = (
			);
			runOnlyForDeploymentPostprocessing = 0;
		};
		F4660EF71EB44F4700A16315 /* Resources */ = {
			isa = PBXResourcesBuildPhase;
			buildActionMask = 2147483647;
			files = (
			);
			runOnlyForDeploymentPostprocessing = 0;
		};
/* End PBXResourcesBuildPhase section */

/* Begin PBXSourcesBuildPhase section */
		F4660ED61EB44F4700A16315 /* Sources */ = {
			isa = PBXSourcesBuildPhase;
			buildActionMask = 2147483647;
			files = (
				F4660EE01EB44F4700A16315 /* ViewController.swift in Sources */,
				F4660EDE1EB44F4700A16315 /* AppDelegate.swift in Sources */,
			);
			runOnlyForDeploymentPostprocessing = 0;
		};
		F4660EEA1EB44F4700A16315 /* Sources */ = {
			isa = PBXSourcesBuildPhase;
			buildActionMask = 2147483647;
			files = (
				F4660EF31EB44F4700A16315 /* FirstKadaiAppTests.swift in Sources */,
			);
			runOnlyForDeploymentPostprocessing = 0;
		};
		F4660EF51EB44F4700A16315 /* Sources */ = {
			isa = PBXSourcesBuildPhase;
			buildActionMask = 2147483647;
			files = (
				F4660EFE1EB44F4700A16315 /* FirstKadaiAppUITests.swift in Sources */,
			);
			runOnlyForDeploymentPostprocessing = 0;
		};
/* End PBXSourcesBuildPhase section */

/* Begin PBXTargetDependency section */
		F4660EF01EB44F4700A16315 /* PBXTargetDependency */ = {
			isa = PBXTargetDependency;
			target = F4660ED91EB44F4700A16315 /* FirstKadaiApp */;
			targetProxy = F4660EEF1EB44F4700A16315 /* PBXContainerItemProxy */;
		};
		F4660EFB1EB44F4700A16315 /* PBXTargetDependency */ = {
			isa = PBXTargetDependency;
			target = F4660ED91EB44F4700A16315 /* FirstKadaiApp */;
			targetProxy = F4660EFA1EB44F4700A16315 /* PBXContainerItemProxy */;
		};
/* End PBXTargetDependency section */

/* Begin PBXVariantGroup section */
		F4660EE11EB44F4700A16315 /* Main.storyboard */ = {
			isa = PBXVariantGroup;
			children = (
				F4660EE21EB44F4700A16315 /* Base */,
			);
			name = Main.storyboard;
			sourceTree = "<group>";
		};
		F4660EE61EB44F4700A16315 /* LaunchScreen.storyboard */ = {
			isa = PBXVariantGroup;
			children = (
				F4660EE71EB44F4700A16315 /* Base */,
			);
			name = LaunchScreen.storyboard;
			sourceTree = "<group>";
		};
/* End PBXVariantGroup section */

/* Begin XCBuildConfiguration section */
		F4660F001EB44F4700A16315 /* Debug */ = {
			isa = XCBuildConfiguration;
			buildSettings = {
				ALWAYS_SEARCH_USER_PATHS = NO;
				CLANG_ANALYZER_NONNULL = YES;
				CLANG_ANALYZER_NUMBER_OBJECT_CONVERSION = YES_AGGRESSIVE;
				CLANG_CXX_LANGUAGE_STANDARD = "gnu++0x";
				CLANG_CXX_LIBRARY = "libc++";
				CLANG_ENABLE_MODULES = YES;
				CLANG_ENABLE_OBJC_ARC = YES;
				CLANG_WARN_BOOL_CONVERSION = YES;
				CLANG_WARN_CONSTANT_CONVERSION = YES;
				CLANG_WARN_DIRECT_OBJC_ISA_USAGE = YES_ERROR;
				CLANG_WARN_DOCUMENTATION_COMMENTS = YES;
				CLANG_WARN_EMPTY_BODY = YES;
				CLANG_WARN_ENUM_CONVERSION = YES;
				CLANG_WARN_INFINITE_RECURSION = YES;
				CLANG_WARN_INT_CONVERSION = YES;
				CLANG_WARN_OBJC_ROOT_CLASS = YES_ERROR;
				CLANG_WARN_SUSPICIOUS_MOVE = YES;
				CLANG_WARN_UNREACHABLE_CODE = YES;
				CLANG_WARN__DUPLICATE_METHOD_MATCH = YES;
				"CODE_SIGN_IDENTITY[sdk=iphoneos*]" = "iPhone Developer";
				COPY_PHASE_STRIP = NO;
				DEBUG_INFORMATION_FORMAT = dwarf;
				ENABLE_STRICT_OBJC_MSGSEND = YES;
				ENABLE_TESTABILITY = YES;
				GCC_C_LANGUAGE_STANDARD = gnu99;
				GCC_DYNAMIC_NO_PIC = NO;
				GCC_NO_COMMON_BLOCKS = YES;
				GCC_OPTIMIZATION_LEVEL = 0;
				GCC_PREPROCESSOR_DEFINITIONS = (
					"DEBUG=1",
					"$(inherited)",
				);
				GCC_WARN_64_TO_32_BIT_CONVERSION = YES;
				GCC_WARN_ABOUT_RETURN_TYPE = YES_ERROR;
				GCC_WARN_UNDECLARED_SELECTOR = YES;
				GCC_WARN_UNINITIALIZED_AUTOS = YES_AGGRESSIVE;
				GCC_WARN_UNUSED_FUNCTION = YES;
				GCC_WARN_UNUSED_VARIABLE = YES;
				IPHONEOS_DEPLOYMENT_TARGET = 10.3;
				MTL_ENABLE_DEBUG_INFO = YES;
				ONLY_ACTIVE_ARCH = YES;
				SDKROOT = iphoneos;
				SWIFT_ACTIVE_COMPILATION_CONDITIONS = DEBUG;
				SWIFT_OPTIMIZATION_LEVEL = "-Onone";
			};
			name = Debug;
		};
		F4660F011EB44F4700A16315 /* Release */ = {
			isa = XCBuildConfiguration;
			buildSettings = {
				ALWAYS_SEARCH_USER_PATHS = NO;
				CLANG_ANALYZER_NONNULL = YES;
				CLANG_ANALYZER_NUMBER_OBJECT_CONVERSION = YES_AGGRESSIVE;
				CLANG_CXX_LANGUAGE_STANDARD = "gnu++0x";
				CLANG_CXX_LIBRARY = "libc++";
				CLANG_ENABLE_MODULES = YES;
				CLANG_ENABLE_OBJC_ARC = YES;
				CLANG_WARN_BOOL_CONVERSION = YES;
				CLANG_WARN_CONSTANT_CONVERSION = YES;
				CLANG_WARN_DIRECT_OBJC_ISA_USAGE = YES_ERROR;
				CLANG_WARN_DOCUMENTATION_COMMENTS = YES;
				CLANG_WARN_EMPTY_BODY = YES;
				CLANG_WARN_ENUM_CONVERSION = YES;
				CLANG_WARN_INFINITE_RECURSION = YES;
				CLANG_WARN_INT_CONVERSION = YES;
				CLANG_WARN_OBJC_ROOT_CLASS = YES_ERROR;
				CLANG_WARN_SUSPICIOUS_MOVE = YES;
				CLANG_WARN_UNREACHABLE_CODE = YES;
				CLANG_WARN__DUPLICATE_METHOD_MATCH = YES;
				"CODE_SIGN_IDENTITY[sdk=iphoneos*]" = "iPhone Developer";
				COPY_PHASE_STRIP = NO;
				DEBUG_INFORMATION_FORMAT = "dwarf-with-dsym";
				ENABLE_NS_ASSERTIONS = NO;
				ENABLE_STRICT_OBJC_MSGSEND = YES;
				GCC_C_LANGUAGE_STANDARD = gnu99;
				GCC_NO_COMMON_BLOCKS = YES;
				GCC_WARN_64_TO_32_BIT_CONVERSION = YES;
				GCC_WARN_ABOUT_RETURN_TYPE = YES_ERROR;
				GCC_WARN_UNDECLARED_SELECTOR = YES;
				GCC_WARN_UNINITIALIZED_AUTOS = YES_AGGRESSIVE;
				GCC_WARN_UNUSED_FUNCTION = YES;
				GCC_WARN_UNUSED_VARIABLE = YES;
				IPHONEOS_DEPLOYMENT_TARGET = 10.3;
				MTL_ENABLE_DEBUG_INFO = NO;
				SDKROOT = iphoneos;
				SWIFT_OPTIMIZATION_LEVEL = "-Owholemodule";
				VALIDATE_PRODUCT = YES;
			};
			name = Release;
		};
		F4660F031EB44F4700A16315 /* Debug */ = {
			isa = XCBuildConfiguration;
			buildSettings = {
				ASSETCATALOG_COMPILER_APPICON_NAME = AppIcon;
				INFOPLIST_FILE = FirstKadaiApp/Info.plist;
				LD_RUNPATH_SEARCH_PATHS = "$(inherited) @executable_path/Frameworks";
				PRODUCT_BUNDLE_IDENTIFIER = test.FirstKadaiApp;
				PRODUCT_NAME = "$(TARGET_NAME)";
				SWIFT_VERSION = 3.0;
			};
			name = Debug;
		};
		F4660F041EB44F4700A16315 /* Release */ = {
			isa = XCBuildConfiguration;
			buildSettings = {
				ASSETCATALOG_COMPILER_APPICON_NAME = AppIcon;
				INFOPLIST_FILE = FirstKadaiApp/Info.plist;
				LD_RUNPATH_SEARCH_PATHS = "$(inherited) @executable_path/Frameworks";
				PRODUCT_BUNDLE_IDENTIFIER = test.FirstKadaiApp;
				PRODUCT_NAME = "$(TARGET_NAME)";
				SWIFT_VERSION = 3.0;
			};
			name = Release;
		};
		F4660F061EB44F4700A16315 /* Debug */ = {
			isa = XCBuildConfiguration;
			buildSettings = {
				ALWAYS_EMBED_SWIFT_STANDARD_LIBRARIES = YES;
				BUNDLE_LOADER = "$(TEST_HOST)";
				INFOPLIST_FILE = FirstKadaiAppTests/Info.plist;
				LD_RUNPATH_SEARCH_PATHS = "$(inherited) @executable_path/Frameworks @loader_path/Frameworks";
				PRODUCT_BUNDLE_IDENTIFIER = test.FirstKadaiAppTests;
				PRODUCT_NAME = "$(TARGET_NAME)";
				SWIFT_VERSION = 3.0;
				TEST_HOST = "$(BUILT_PRODUCTS_DIR)/FirstKadaiApp.app/FirstKadaiApp";
			};
			name = Debug;
		};
		F4660F071EB44F4700A16315 /* Release */ = {
			isa = XCBuildConfiguration;
			buildSettings = {
				ALWAYS_EMBED_SWIFT_STANDARD_LIBRARIES = YES;
				BUNDLE_LOADER = "$(TEST_HOST)";
				INFOPLIST_FILE = FirstKadaiAppTests/Info.plist;
				LD_RUNPATH_SEARCH_PATHS = "$(inherited) @executable_path/Frameworks @loader_path/Frameworks";
				PRODUCT_BUNDLE_IDENTIFIER = test.FirstKadaiAppTests;
				PRODUCT_NAME = "$(TARGET_NAME)";
				SWIFT_VERSION = 3.0;
				TEST_HOST = "$(BUILT_PRODUCTS_DIR)/FirstKadaiApp.app/FirstKadaiApp";
			};
			name = Release;
		};
		F4660F091EB44F4700A16315 /* Debug */ = {
			isa = XCBuildConfiguration;
			buildSettings = {
				ALWAYS_EMBED_SWIFT_STANDARD_LIBRARIES = YES;
				INFOPLIST_FILE = FirstKadaiAppUITests/Info.plist;
				LD_RUNPATH_SEARCH_PATHS = "$(inherited) @executable_path/Frameworks @loader_path/Frameworks";
				PRODUCT_BUNDLE_IDENTIFIER = test.FirstKadaiAppUITests;
				PRODUCT_NAME = "$(TARGET_NAME)";
				SWIFT_VERSION = 3.0;
				TEST_TARGET_NAME = FirstKadaiApp;
			};
			name = Debug;
		};
		F4660F0A1EB44F4700A16315 /* Release */ = {
			isa = XCBuildConfiguration;
			buildSettings = {
				ALWAYS_EMBED_SWIFT_STANDARD_LIBRARIES = YES;
				INFOPLIST_FILE = FirstKadaiAppUITests/Info.plist;
				LD_RUNPATH_SEARCH_PATHS = "$(inherited) @executable_path/Frameworks @loader_path/Frameworks";
				PRODUCT_BUNDLE_IDENTIFIER = test.FirstKadaiAppUITests;
				PRODUCT_NAME = "$(TARGET_NAME)";
				SWIFT_VERSION = 3.0;
				TEST_TARGET_NAME = FirstKadaiApp;
			};
			name = Release;
		};
/* End XCBuildConfiguration section */

/* Begin XCConfigurationList section */
		F4660ED51EB44F4600A16315 /* Build configuration list for PBXProject "FirstKadaiApp" */ = {
			isa = XCConfigurationList;
			buildConfigurations = (
				F4660F001EB44F4700A16315 /* Debug */,
				F4660F011EB44F4700A16315 /* Release */,
			);
			defaultConfigurationIsVisible = 0;
			defaultConfigurationName = Release;
		};
		F4660F021EB44F4700A16315 /* Build configuration list for PBXNativeTarget "FirstKadaiApp" */ = {
			isa = XCConfigurationList;
			buildConfigurations = (
				F4660F031EB44F4700A16315 /* Debug */,
				F4660F041EB44F4700A16315 /* Release */,
			);
			defaultConfigurationIsVisible = 0;
		};
		F4660F051EB44F4700A16315 /* Build configuration list for PBXNativeTarget "FirstKadaiAppTests" */ = {
			isa = XCConfigurationList;
			buildConfigurations = (
				F4660F061EB44F4700A16315 /* Debug */,
				F4660F071EB44F4700A16315 /* Release */,
			);
			defaultConfigurationIsVisible = 0;
		};
		F4660F081EB44F4700A16315 /* Build configuration list for PBXNativeTarget "FirstKadaiAppUITests" */ = {
			isa = XCConfigurationList;
			buildConfigurations = (
				F4660F091EB44F4700A16315 /* Debug */,
				F4660F0A1EB44F4700A16315 /* Release */,
			);
			defaultConfigurationIsVisible = 0;
		};
/* End XCConfigurationList section */
	};
	rootObject = F4660ED21EB44F4600A16315 /* Project object */;
}
